// !$*UTF8*$!
{
	archiveVersion = 1;
	classes = {
	};
	objectVersion = 46;
	objects = {

/* Begin PBXBuildFile section */
		7B10FA9714BED182001A861D /* RichText.m in Sources */ = {isa = PBXBuildFile; fileRef = 7B10FA9614BED182001A861D /* RichText.m */; };
		7B15E16013A067AF005C0DEB /* Gear.png in Resources */ = {isa = PBXBuildFile; fileRef = 7B15E15013A067AF005C0DEB /* Gear.png */; };
		7B15E16113A067AF005C0DEB /* Gear@2x.png in Resources */ = {isa = PBXBuildFile; fileRef = 7B15E15113A067AF005C0DEB /* Gear@2x.png */; };
		7B15E16413A067AF005C0DEB /* Lock.png in Resources */ = {isa = PBXBuildFile; fileRef = 7B15E15413A067AF005C0DEB /* Lock.png */; };
		7B15E16513A067AF005C0DEB /* Lock@2x.png in Resources */ = {isa = PBXBuildFile; fileRef = 7B15E15513A067AF005C0DEB /* Lock@2x.png */; };
		7B15E16813A067AF005C0DEB /* Unlock.png in Resources */ = {isa = PBXBuildFile; fileRef = 7B15E15813A067AF005C0DEB /* Unlock.png */; };
		7B15E16913A067AF005C0DEB /* Unlock@2x.png in Resources */ = {isa = PBXBuildFile; fileRef = 7B15E15913A067AF005C0DEB /* Unlock@2x.png */; };
		7B15E16A13A067AF005C0DEB /* Unread.png in Resources */ = {isa = PBXBuildFile; fileRef = 7B15E15A13A067AF005C0DEB /* Unread.png */; };
		7B15E16B13A067AF005C0DEB /* Unread@2x.png in Resources */ = {isa = PBXBuildFile; fileRef = 7B15E15B13A067AF005C0DEB /* Unread@2x.png */; };
		7B16730214CB9E0C0080A3C6 /* Back.png in Resources */ = {isa = PBXBuildFile; fileRef = 7B1672FE14CB9E0C0080A3C6 /* Back.png */; };
		7B16730314CB9E0C0080A3C6 /* Back@2x.png in Resources */ = {isa = PBXBuildFile; fileRef = 7B1672FF14CB9E0C0080A3C6 /* Back@2x.png */; };
		7B16730414CB9E0C0080A3C6 /* Forward.png in Resources */ = {isa = PBXBuildFile; fileRef = 7B16730014CB9E0C0080A3C6 /* Forward.png */; };
		7B16730514CB9E0C0080A3C6 /* Forward@2x.png in Resources */ = {isa = PBXBuildFile; fileRef = 7B16730114CB9E0C0080A3C6 /* Forward@2x.png */; };
		7B27633313DD336F00E03E7F /* UIImage.m in Sources */ = {isa = PBXBuildFile; fileRef = 7B27633213DD336F00E03E7F /* UIImage.m */; };
		7B2C4B5313A422CC00B3A5E7 /* WebViewController.m in Sources */ = {isa = PBXBuildFile; fileRef = 7B2C4B5213A422CC00B3A5E7 /* WebViewController.m */; };
		7B2C4B5A13A42A9800B3A5E7 /* Account.m in Sources */ = {isa = PBXBuildFile; fileRef = 7B2C4B5913A42A9700B3A5E7 /* Account.m */; };
		7B2C4B5C13A42C7200B3A5E7 /* MessageUI.framework in Frameworks */ = {isa = PBXBuildFile; fileRef = 7B2C4B5B13A42C7200B3A5E7 /* MessageUI.framework */; };
		7B2D0B9014AEDF6B0073F800 /* TwitterAuthController.m in Sources */ = {isa = PBXBuildFile; fileRef = 7B2D0B8F14AEDF6B0073F800 /* TwitterAuthController.m */; };
		7B2F729813A6424E00341EF3 /* FeedCell.m in Sources */ = {isa = PBXBuildFile; fileRef = 7B2F729713A6424E00341EF3 /* FeedCell.m */; };
		7B4A36A214A33941005991F1 /* CoreData.framework in Frameworks */ = {isa = PBXBuildFile; fileRef = 7B4A36A114A33941005991F1 /* CoreData.framework */; };
		7B56E48513AE15B000B7E924 /* FeedController.m in Sources */ = {isa = PBXBuildFile; fileRef = 7B56E48413AE15B000B7E924 /* FeedController.m */; };
		7B56E48713AE185600B7E924 /* libsqlite3.0.dylib in Frameworks */ = {isa = PBXBuildFile; fileRef = 7B56E48613AE185600B7E924 /* libsqlite3.0.dylib */; };
		7B5EB72413CC3A6600B508B9 /* Facebook.m in Sources */ = {isa = PBXBuildFile; fileRef = 7B5EB72313CC3A6600B508B9 /* Facebook.m */; };
		7B61A1F013C44D8000D26D8B /* GoogleReaderSync.m in Sources */ = {isa = PBXBuildFile; fileRef = 7B61A1EF13C44D8000D26D8B /* GoogleReaderSync.m */; };
		7B64E24413B48BDF002668AE /* NSString.m in Sources */ = {isa = PBXBuildFile; fileRef = 7B64E24313B48BDF002668AE /* NSString.m */; };
		7B68465B13B5911E0038F2C6 /* TwitterSync.m in Sources */ = {isa = PBXBuildFile; fileRef = 7B68465A13B5911E0038F2C6 /* TwitterSync.m */; };
		7B68465F13B594A60038F2C6 /* SyncService.m in Sources */ = {isa = PBXBuildFile; fileRef = 7B68465E13B594A60038F2C6 /* SyncService.m */; };
		7B6B2A6513A5F0F400FA51D0 /* Twitter.m in Sources */ = {isa = PBXBuildFile; fileRef = 7B6B2A6413A5F0F400FA51D0 /* Twitter.m */; };
		7B6B2A6813A5F12700FA51D0 /* GoogleReader.m in Sources */ = {isa = PBXBuildFile; fileRef = 7B6B2A6713A5F12700FA51D0 /* GoogleReader.m */; };
		7B6B2A6B13A5F3E400FA51D0 /* AccountTypeService.m in Sources */ = {isa = PBXBuildFile; fileRef = 7B6B2A6A13A5F3E400FA51D0 /* AccountTypeService.m */; };
		7B6B2A6E13A5FB1700FA51D0 /* AccountService.m in Sources */ = {isa = PBXBuildFile; fileRef = 7B6B2A6D13A5FB1600FA51D0 /* AccountService.m */; };
		7B71F20517854D0E005B5E30 /* Social.framework in Frameworks */ = {isa = PBXBuildFile; fileRef = 7B71F20417854D0E005B5E30 /* Social.framework */; };
		7B71F20717854E8D005B5E30 /* Accounts.framework in Frameworks */ = {isa = PBXBuildFile; fileRef = 7B71F20617854E8D005B5E30 /* Accounts.framework */; };
		7B7B26F7149D844F007D7603 /* main.m in Sources */ = {isa = PBXBuildFile; fileRef = 7B7B26F6149D844F007D7603 /* main.m */; };
		7B834CB3139F33EA0080355C /* UIKit.framework in Frameworks */ = {isa = PBXBuildFile; fileRef = 7B834CB2139F33EA0080355C /* UIKit.framework */; };
		7B834CB5139F33EA0080355C /* Foundation.framework in Frameworks */ = {isa = PBXBuildFile; fileRef = 7B834CB4139F33EA0080355C /* Foundation.framework */; };
		7B834CB7139F33EA0080355C /* CoreGraphics.framework in Frameworks */ = {isa = PBXBuildFile; fileRef = 7B834CB6139F33EA0080355C /* CoreGraphics.framework */; };
		7B834CBD139F33EA0080355C /* Localizable.strings in Resources */ = {isa = PBXBuildFile; fileRef = 7B834CBB139F33EA0080355C /* Localizable.strings */; };
		7B88144914C902C800E5BE42 /* QuartzCore.framework in Frameworks */ = {isa = PBXBuildFile; fileRef = 7B88144814C902C700E5BE42 /* QuartzCore.framework */; };
		7B895C7113D1697500CD95C9 /* FacebookAuthController.m in Sources */ = {isa = PBXBuildFile; fileRef = 7B895C7013D1697500CD95C9 /* FacebookAuthController.m */; };
		7B89CE71139F383600008DE5 /* Application.m in Sources */ = {isa = PBXBuildFile; fileRef = 7B89CE70139F383600008DE5 /* Application.m */; };
		7B8FFF1313CDBB3000D3E656 /* FacebookSync.m in Sources */ = {isa = PBXBuildFile; fileRef = 7B8FFF1213CDBB3000D3E656 /* FacebookSync.m */; };
		7B99B10014C5C5F70035F153 /* GooglePlus@2x.png in Resources */ = {isa = PBXBuildFile; fileRef = 7B99B0FF14C5C5F70035F153 /* GooglePlus@2x.png */; };
		7B99B10314C5C6090035F153 /* GooglePlus.png in Resources */ = {isa = PBXBuildFile; fileRef = 7B99B10214C5C6090035F153 /* GooglePlus.png */; };
		7B99B10614C5C61D0035F153 /* GooglePlus.m in Sources */ = {isa = PBXBuildFile; fileRef = 7B99B10514C5C61D0035F153 /* GooglePlus.m */; };
		7B99B10914C5C7470035F153 /* GooglePlusSync.m in Sources */ = {isa = PBXBuildFile; fileRef = 7B99B10814C5C7470035F153 /* GooglePlusSync.m */; };
		7B9A34FC13B897A300014D95 /* FeedItemCell.m in Sources */ = {isa = PBXBuildFile; fileRef = 7B9A34FB13B897A300014D95 /* FeedItemCell.m */; };
		7B9A350013B899BB00014D95 /* RichTextLabel.m in Sources */ = {isa = PBXBuildFile; fileRef = 7B9A34FF13B899BB00014D95 /* RichTextLabel.m */; };
		7BACF09914ADAEB900F263AB /* GoogleReaderAuthController.m in Sources */ = {isa = PBXBuildFile; fileRef = 7BACF09814ADAEB800F263AB /* GoogleReaderAuthController.m */; };
		7BB4E2BA13A0322B00C5C645 /* OrientationController.m in Sources */ = {isa = PBXBuildFile; fileRef = 7BB4E2B913A0322B00C5C645 /* OrientationController.m */; };
		7BB4E2BD13A0324E00C5C645 /* FeedsController.m in Sources */ = {isa = PBXBuildFile; fileRef = 7BB4E2BC13A0324E00C5C645 /* FeedsController.m */; };
		7BBE019113B9D717004FB699 /* WebUtility.m in Sources */ = {isa = PBXBuildFile; fileRef = 7BBE019013B9D717004FB699 /* WebUtility.m */; };
		7BD8595413DD1FF600374E49 /* EmptyViewController.m in Sources */ = {isa = PBXBuildFile; fileRef = 7BD8595313DD1FF600374E49 /* EmptyViewController.m */; };
		7BE14EB913A0894900C9DDC6 /* AccountsController.m in Sources */ = {isa = PBXBuildFile; fileRef = 7BE14EB813A0894900C9DDC6 /* AccountsController.m */; };
		7BEB9A5E14BA6AFC0094764A /* ImageService.m in Sources */ = {isa = PBXBuildFile; fileRef = 7BEB9A5D14BA6AFC0094764A /* ImageService.m */; };
		7BF1B2D914A5B5D000CEDD7B /* Syndicate.xcdatamodeld in Sources */ = {isa = PBXBuildFile; fileRef = 7BF1B2D714A5B5D000CEDD7B /* Syndicate.xcdatamodeld */; };
		7BF5731813E6905500B6B10B /* DetailViewController.m in Sources */ = {isa = PBXBuildFile; fileRef = 7BF5731713E6905500B6B10B /* DetailViewController.m */; };
		7BF8D91713AEC101006594BD /* StorageService.m in Sources */ = {isa = PBXBuildFile; fileRef = 7BF8D91613AEC101006594BD /* StorageService.m */; };
		7BFCDF8D13E40E1100D24604 /* Facebook.png in Resources */ = {isa = PBXBuildFile; fileRef = 7BFCDF8713E40E1100D24604 /* Facebook.png */; };
		7BFCDF8E13E40E1100D24604 /* Facebook@2x.png in Resources */ = {isa = PBXBuildFile; fileRef = 7BFCDF8813E40E1100D24604 /* Facebook@2x.png */; };
		7BFCDF8F13E40E1100D24604 /* GoogleReader.png in Resources */ = {isa = PBXBuildFile; fileRef = 7BFCDF8913E40E1100D24604 /* GoogleReader.png */; };
		7BFCDF9013E40E1100D24604 /* GoogleReader@2x.png in Resources */ = {isa = PBXBuildFile; fileRef = 7BFCDF8A13E40E1100D24604 /* GoogleReader@2x.png */; };
		7BFCDF9113E40E1100D24604 /* Twitter.png in Resources */ = {isa = PBXBuildFile; fileRef = 7BFCDF8B13E40E1100D24604 /* Twitter.png */; };
		7BFCDF9213E40E1100D24604 /* Twitter@2x.png in Resources */ = {isa = PBXBuildFile; fileRef = 7BFCDF8C13E40E1100D24604 /* Twitter@2x.png */; };
		7BFD04FD17866B9E000516DB /* Media.xcassets in Resources */ = {isa = PBXBuildFile; fileRef = 7BFD04FC17866B9E000516DB /* Media.xcassets */; };
/* End PBXBuildFile section */

/* Begin PBXFileReference section */
		7B04F40D14B175BC002181BA /* V5.xcdatamodel */ = {isa = PBXFileReference; lastKnownFileType = wrapper.xcdatamodel; path = V5.xcdatamodel; sourceTree = "<group>"; };
		7B06921413AF38F9007D4618 /* Async.h */ = {isa = PBXFileReference; fileEncoding = 4; lastKnownFileType = sourcecode.c.h; path = Async.h; sourceTree = SOURCE_ROOT; };
		7B10FA9514BED182001A861D /* RichText.h */ = {isa = PBXFileReference; fileEncoding = 4; lastKnownFileType = sourcecode.c.h; path = RichText.h; sourceTree = SOURCE_ROOT; };
		7B10FA9614BED182001A861D /* RichText.m */ = {isa = PBXFileReference; fileEncoding = 4; lastKnownFileType = sourcecode.c.objc; path = RichText.m; sourceTree = SOURCE_ROOT; };
		7B15E15013A067AF005C0DEB /* Gear.png */ = {isa = PBXFileReference; lastKnownFileType = image.png; path = Gear.png; sourceTree = "<group>"; };
		7B15E15113A067AF005C0DEB /* Gear@2x.png */ = {isa = PBXFileReference; lastKnownFileType = image.png; path = "Gear@2x.png"; sourceTree = "<group>"; };
		7B15E15413A067AF005C0DEB /* Lock.png */ = {isa = PBXFileReference; lastKnownFileType = image.png; path = Lock.png; sourceTree = "<group>"; };
		7B15E15513A067AF005C0DEB /* Lock@2x.png */ = {isa = PBXFileReference; lastKnownFileType = image.png; path = "Lock@2x.png"; sourceTree = "<group>"; };
		7B15E15813A067AF005C0DEB /* Unlock.png */ = {isa = PBXFileReference; lastKnownFileType = image.png; path = Unlock.png; sourceTree = "<group>"; };
		7B15E15913A067AF005C0DEB /* Unlock@2x.png */ = {isa = PBXFileReference; lastKnownFileType = image.png; path = "Unlock@2x.png"; sourceTree = "<group>"; };
		7B15E15A13A067AF005C0DEB /* Unread.png */ = {isa = PBXFileReference; lastKnownFileType = image.png; path = Unread.png; sourceTree = "<group>"; };
		7B15E15B13A067AF005C0DEB /* Unread@2x.png */ = {isa = PBXFileReference; lastKnownFileType = image.png; path = "Unread@2x.png"; sourceTree = "<group>"; };
		7B1672FE14CB9E0C0080A3C6 /* Back.png */ = {isa = PBXFileReference; lastKnownFileType = image.png; path = Back.png; sourceTree = "<group>"; };
		7B1672FF14CB9E0C0080A3C6 /* Back@2x.png */ = {isa = PBXFileReference; lastKnownFileType = image.png; path = "Back@2x.png"; sourceTree = "<group>"; };
		7B16730014CB9E0C0080A3C6 /* Forward.png */ = {isa = PBXFileReference; lastKnownFileType = image.png; path = Forward.png; sourceTree = "<group>"; };
		7B16730114CB9E0C0080A3C6 /* Forward@2x.png */ = {isa = PBXFileReference; lastKnownFileType = image.png; path = "Forward@2x.png"; sourceTree = "<group>"; };
		7B27633113DD336F00E03E7F /* UIImage.h */ = {isa = PBXFileReference; fileEncoding = 4; lastKnownFileType = sourcecode.c.h; path = UIImage.h; sourceTree = SOURCE_ROOT; };
		7B27633213DD336F00E03E7F /* UIImage.m */ = {isa = PBXFileReference; fileEncoding = 4; lastKnownFileType = sourcecode.c.objc; path = UIImage.m; sourceTree = SOURCE_ROOT; };
		7B2A3FDB13A3822800857D65 /* Orientation.h */ = {isa = PBXFileReference; fileEncoding = 4; lastKnownFileType = sourcecode.c.h; path = Orientation.h; sourceTree = SOURCE_ROOT; };
		7B2C4B5113A422CC00B3A5E7 /* WebViewController.h */ = {isa = PBXFileReference; fileEncoding = 4; lastKnownFileType = sourcecode.c.h; path = WebViewController.h; sourceTree = SOURCE_ROOT; };
		7B2C4B5213A422CC00B3A5E7 /* WebViewController.m */ = {isa = PBXFileReference; fileEncoding = 4; lastKnownFileType = sourcecode.c.objc; path = WebViewController.m; sourceTree = SOURCE_ROOT; };
		7B2C4B5813A42A9700B3A5E7 /* Account.h */ = {isa = PBXFileReference; fileEncoding = 4; lastKnownFileType = sourcecode.c.h; path = Account.h; sourceTree = SOURCE_ROOT; };
		7B2C4B5913A42A9700B3A5E7 /* Account.m */ = {isa = PBXFileReference; fileEncoding = 4; lastKnownFileType = sourcecode.c.objc; path = Account.m; sourceTree = SOURCE_ROOT; };
		7B2C4B5B13A42C7200B3A5E7 /* MessageUI.framework */ = {isa = PBXFileReference; lastKnownFileType = wrapper.framework; name = MessageUI.framework; path = System/Library/Frameworks/MessageUI.framework; sourceTree = SDKROOT; };
		7B2D0B8E14AEDF6A0073F800 /* TwitterAuthController.h */ = {isa = PBXFileReference; fileEncoding = 4; lastKnownFileType = sourcecode.c.h; path = TwitterAuthController.h; sourceTree = SOURCE_ROOT; };
		7B2D0B8F14AEDF6B0073F800 /* TwitterAuthController.m */ = {isa = PBXFileReference; fileEncoding = 4; lastKnownFileType = sourcecode.c.objc; path = TwitterAuthController.m; sourceTree = SOURCE_ROOT; };
		7B2EB7A114A6DFDB009FEA8F /* Syndicate.entitlements */ = {isa = PBXFileReference; lastKnownFileType = text.xml; path = Syndicate.entitlements; sourceTree = "<group>"; };
		7B2F729613A6424E00341EF3 /* FeedCell.h */ = {isa = PBXFileReference; fileEncoding = 4; lastKnownFileType = sourcecode.c.h; path = FeedCell.h; sourceTree = SOURCE_ROOT; };
		7B2F729713A6424E00341EF3 /* FeedCell.m */ = {isa = PBXFileReference; fileEncoding = 4; lastKnownFileType = sourcecode.c.objc; path = FeedCell.m; sourceTree = SOURCE_ROOT; };
		7B4A36A114A33941005991F1 /* CoreData.framework */ = {isa = PBXFileReference; lastKnownFileType = wrapper.framework; name = CoreData.framework; path = System/Library/Frameworks/CoreData.framework; sourceTree = SDKROOT; };
		7B56E48313AE15B000B7E924 /* FeedController.h */ = {isa = PBXFileReference; fileEncoding = 4; lastKnownFileType = sourcecode.c.h; path = FeedController.h; sourceTree = SOURCE_ROOT; };
		7B56E48413AE15B000B7E924 /* FeedController.m */ = {isa = PBXFileReference; fileEncoding = 4; lastKnownFileType = sourcecode.c.objc; path = FeedController.m; sourceTree = SOURCE_ROOT; };
		7B56E48613AE185600B7E924 /* libsqlite3.0.dylib */ = {isa = PBXFileReference; lastKnownFileType = "compiled.mach-o.dylib"; name = libsqlite3.0.dylib; path = usr/lib/libsqlite3.0.dylib; sourceTree = SDKROOT; };
		7B5EB72213CC3A6600B508B9 /* Facebook.h */ = {isa = PBXFileReference; fileEncoding = 4; lastKnownFileType = sourcecode.c.h; path = Facebook.h; sourceTree = SOURCE_ROOT; };
		7B5EB72313CC3A6600B508B9 /* Facebook.m */ = {isa = PBXFileReference; fileEncoding = 4; lastKnownFileType = sourcecode.c.objc; path = Facebook.m; sourceTree = SOURCE_ROOT; };
		7B61A1EE13C44D8000D26D8B /* GoogleReaderSync.h */ = {isa = PBXFileReference; fileEncoding = 4; lastKnownFileType = sourcecode.c.h; path = GoogleReaderSync.h; sourceTree = SOURCE_ROOT; };
		7B61A1EF13C44D8000D26D8B /* GoogleReaderSync.m */ = {isa = PBXFileReference; fileEncoding = 4; lastKnownFileType = sourcecode.c.objc; path = GoogleReaderSync.m; sourceTree = SOURCE_ROOT; };
		7B64E24213B48BDF002668AE /* NSString.h */ = {isa = PBXFileReference; fileEncoding = 4; lastKnownFileType = sourcecode.c.h; path = NSString.h; sourceTree = SOURCE_ROOT; };
		7B64E24313B48BDF002668AE /* NSString.m */ = {isa = PBXFileReference; fileEncoding = 4; lastKnownFileType = sourcecode.c.objc; path = NSString.m; sourceTree = SOURCE_ROOT; };
		7B68465913B5911E0038F2C6 /* TwitterSync.h */ = {isa = PBXFileReference; fileEncoding = 4; lastKnownFileType = sourcecode.c.h; path = TwitterSync.h; sourceTree = SOURCE_ROOT; };
		7B68465A13B5911E0038F2C6 /* TwitterSync.m */ = {isa = PBXFileReference; fileEncoding = 4; lastKnownFileType = sourcecode.c.objc; path = TwitterSync.m; sourceTree = SOURCE_ROOT; };
		7B68465D13B594A60038F2C6 /* SyncService.h */ = {isa = PBXFileReference; fileEncoding = 4; lastKnownFileType = sourcecode.c.h; path = SyncService.h; sourceTree = SOURCE_ROOT; };
		7B68465E13B594A60038F2C6 /* SyncService.m */ = {isa = PBXFileReference; fileEncoding = 4; lastKnownFileType = sourcecode.c.objc; path = SyncService.m; sourceTree = SOURCE_ROOT; };
		7B6B2A6313A5F0F400FA51D0 /* Twitter.h */ = {isa = PBXFileReference; fileEncoding = 4; lastKnownFileType = sourcecode.c.h; path = Twitter.h; sourceTree = SOURCE_ROOT; };
		7B6B2A6413A5F0F400FA51D0 /* Twitter.m */ = {isa = PBXFileReference; fileEncoding = 4; lastKnownFileType = sourcecode.c.objc; path = Twitter.m; sourceTree = SOURCE_ROOT; };
		7B6B2A6613A5F12700FA51D0 /* GoogleReader.h */ = {isa = PBXFileReference; fileEncoding = 4; lastKnownFileType = sourcecode.c.h; path = GoogleReader.h; sourceTree = SOURCE_ROOT; };
		7B6B2A6713A5F12700FA51D0 /* GoogleReader.m */ = {isa = PBXFileReference; fileEncoding = 4; lastKnownFileType = sourcecode.c.objc; path = GoogleReader.m; sourceTree = SOURCE_ROOT; };
		7B6B2A6913A5F3E400FA51D0 /* AccountTypeService.h */ = {isa = PBXFileReference; fileEncoding = 4; lastKnownFileType = sourcecode.c.h; path = AccountTypeService.h; sourceTree = SOURCE_ROOT; };
		7B6B2A6A13A5F3E400FA51D0 /* AccountTypeService.m */ = {isa = PBXFileReference; fileEncoding = 4; lastKnownFileType = sourcecode.c.objc; path = AccountTypeService.m; sourceTree = SOURCE_ROOT; };
		7B6B2A6C13A5FB1600FA51D0 /* AccountService.h */ = {isa = PBXFileReference; fileEncoding = 4; lastKnownFileType = sourcecode.c.h; path = AccountService.h; sourceTree = SOURCE_ROOT; };
		7B6B2A6D13A5FB1600FA51D0 /* AccountService.m */ = {isa = PBXFileReference; fileEncoding = 4; lastKnownFileType = sourcecode.c.objc; path = AccountService.m; sourceTree = SOURCE_ROOT; };
		7B71F20417854D0E005B5E30 /* Social.framework */ = {isa = PBXFileReference; lastKnownFileType = wrapper.framework; name = Social.framework; path = System/Library/Frameworks/Social.framework; sourceTree = SDKROOT; };
		7B71F20617854E8D005B5E30 /* Accounts.framework */ = {isa = PBXFileReference; lastKnownFileType = wrapper.framework; name = Accounts.framework; path = System/Library/Frameworks/Accounts.framework; sourceTree = SDKROOT; };
		7B7B26F6149D844F007D7603 /* main.m */ = {isa = PBXFileReference; fileEncoding = 4; lastKnownFileType = sourcecode.c.objc; path = main.m; sourceTree = SOURCE_ROOT; };
		7B7B26F8149D87E7007D7603 /* ServiceProvider.h */ = {isa = PBXFileReference; fileEncoding = 4; lastKnownFileType = sourcecode.c.h; path = ServiceProvider.h; sourceTree = SOURCE_ROOT; };
		7B834CAE139F33EA0080355C /* Syndicate.app */ = {isa = PBXFileReference; explicitFileType = wrapper.application; includeInIndex = 0; path = Syndicate.app; sourceTree = BUILT_PRODUCTS_DIR; };
		7B834CB2139F33EA0080355C /* UIKit.framework */ = {isa = PBXFileReference; lastKnownFileType = wrapper.framework; name = UIKit.framework; path = System/Library/Frameworks/UIKit.framework; sourceTree = SDKROOT; };
		7B834CB4139F33EA0080355C /* Foundation.framework */ = {isa = PBXFileReference; lastKnownFileType = wrapper.framework; name = Foundation.framework; path = System/Library/Frameworks/Foundation.framework; sourceTree = SDKROOT; };
		7B834CB6139F33EA0080355C /* CoreGraphics.framework */ = {isa = PBXFileReference; lastKnownFileType = wrapper.framework; name = CoreGraphics.framework; path = System/Library/Frameworks/CoreGraphics.framework; sourceTree = SDKROOT; };
		7B834CBA139F33EA0080355C /* Info.plist */ = {isa = PBXFileReference; lastKnownFileType = text.plist.xml; path = Info.plist; sourceTree = "<group>"; };
		7B834CBC139F33EA0080355C /* en */ = {isa = PBXFileReference; lastKnownFileType = text.plist.strings; name = en; path = en.lproj/Localizable.strings; sourceTree = "<group>"; };
		7B834CC0139F33EA0080355C /* Syndicate.pch */ = {isa = PBXFileReference; lastKnownFileType = sourcecode.c.h; path = Syndicate.pch; sourceTree = "<group>"; };
		7B88144814C902C700E5BE42 /* QuartzCore.framework */ = {isa = PBXFileReference; lastKnownFileType = wrapper.framework; name = QuartzCore.framework; path = System/Library/Frameworks/QuartzCore.framework; sourceTree = SDKROOT; };
		7B895C6F13D1697500CD95C9 /* FacebookAuthController.h */ = {isa = PBXFileReference; fileEncoding = 4; lastKnownFileType = sourcecode.c.h; path = FacebookAuthController.h; sourceTree = SOURCE_ROOT; };
		7B895C7013D1697500CD95C9 /* FacebookAuthController.m */ = {isa = PBXFileReference; fileEncoding = 4; lastKnownFileType = sourcecode.c.objc; path = FacebookAuthController.m; sourceTree = SOURCE_ROOT; };
		7B89CE6F139F383600008DE5 /* Application.h */ = {isa = PBXFileReference; fileEncoding = 4; lastKnownFileType = sourcecode.c.h; path = Application.h; sourceTree = "<group>"; };
		7B89CE70139F383600008DE5 /* Application.m */ = {isa = PBXFileReference; fileEncoding = 4; lastKnownFileType = sourcecode.c.objc; path = Application.m; sourceTree = "<group>"; };
		7B8BE0FA14B5DD1F009F0AD2 /* V6.xcdatamodel */ = {isa = PBXFileReference; lastKnownFileType = wrapper.xcdatamodel; path = V6.xcdatamodel; sourceTree = "<group>"; };
		7B8FFF1113CDBB2F00D3E656 /* FacebookSync.h */ = {isa = PBXFileReference; fileEncoding = 4; lastKnownFileType = sourcecode.c.h; path = FacebookSync.h; sourceTree = SOURCE_ROOT; };
		7B8FFF1213CDBB3000D3E656 /* FacebookSync.m */ = {isa = PBXFileReference; fileEncoding = 4; lastKnownFileType = sourcecode.c.objc; path = FacebookSync.m; sourceTree = SOURCE_ROOT; };
		7B918CF414B0ABAC00EE4C73 /* V4.xcdatamodel */ = {isa = PBXFileReference; lastKnownFileType = wrapper.xcdatamodel; path = V4.xcdatamodel; sourceTree = "<group>"; };
		7B99B0FF14C5C5F70035F153 /* GooglePlus@2x.png */ = {isa = PBXFileReference; lastKnownFileType = image.png; path = "GooglePlus@2x.png"; sourceTree = "<group>"; };
		7B99B10214C5C6090035F153 /* GooglePlus.png */ = {isa = PBXFileReference; lastKnownFileType = image.png; path = GooglePlus.png; sourceTree = "<group>"; };
		7B99B10414C5C61D0035F153 /* GooglePlus.h */ = {isa = PBXFileReference; fileEncoding = 4; lastKnownFileType = sourcecode.c.h; path = GooglePlus.h; sourceTree = SOURCE_ROOT; };
		7B99B10514C5C61D0035F153 /* GooglePlus.m */ = {isa = PBXFileReference; fileEncoding = 4; lastKnownFileType = sourcecode.c.objc; path = GooglePlus.m; sourceTree = SOURCE_ROOT; };
		7B99B10714C5C7460035F153 /* GooglePlusSync.h */ = {isa = PBXFileReference; fileEncoding = 4; lastKnownFileType = sourcecode.c.h; path = GooglePlusSync.h; sourceTree = SOURCE_ROOT; };
		7B99B10814C5C7470035F153 /* GooglePlusSync.m */ = {isa = PBXFileReference; fileEncoding = 4; lastKnownFileType = sourcecode.c.objc; path = GooglePlusSync.m; sourceTree = SOURCE_ROOT; };
		7B9A34FA13B897A300014D95 /* FeedItemCell.h */ = {isa = PBXFileReference; fileEncoding = 4; lastKnownFileType = sourcecode.c.h; path = FeedItemCell.h; sourceTree = SOURCE_ROOT; };
		7B9A34FB13B897A300014D95 /* FeedItemCell.m */ = {isa = PBXFileReference; fileEncoding = 4; lastKnownFileType = sourcecode.c.objc; path = FeedItemCell.m; sourceTree = SOURCE_ROOT; };
		7B9A34FE13B899BA00014D95 /* RichTextLabel.h */ = {isa = PBXFileReference; fileEncoding = 4; lastKnownFileType = sourcecode.c.h; path = RichTextLabel.h; sourceTree = SOURCE_ROOT; };
		7B9A34FF13B899BB00014D95 /* RichTextLabel.m */ = {isa = PBXFileReference; fileEncoding = 4; lastKnownFileType = sourcecode.c.objc; path = RichTextLabel.m; sourceTree = SOURCE_ROOT; };
		7BACF09714ADAEB800F263AB /* GoogleReaderAuthController.h */ = {isa = PBXFileReference; fileEncoding = 4; lastKnownFileType = sourcecode.c.h; path = GoogleReaderAuthController.h; sourceTree = SOURCE_ROOT; };
		7BACF09814ADAEB800F263AB /* GoogleReaderAuthController.m */ = {isa = PBXFileReference; fileEncoding = 4; lastKnownFileType = sourcecode.c.objc; path = GoogleReaderAuthController.m; sourceTree = SOURCE_ROOT; };
		7BB4E2B813A0322B00C5C645 /* OrientationController.h */ = {isa = PBXFileReference; fileEncoding = 4; lastKnownFileType = sourcecode.c.h; path = OrientationController.h; sourceTree = SOURCE_ROOT; };
		7BB4E2B913A0322B00C5C645 /* OrientationController.m */ = {isa = PBXFileReference; fileEncoding = 4; lastKnownFileType = sourcecode.c.objc; path = OrientationController.m; sourceTree = SOURCE_ROOT; };
		7BB4E2BB13A0324E00C5C645 /* FeedsController.h */ = {isa = PBXFileReference; fileEncoding = 4; lastKnownFileType = sourcecode.c.h; path = FeedsController.h; sourceTree = SOURCE_ROOT; };
		7BB4E2BC13A0324E00C5C645 /* FeedsController.m */ = {isa = PBXFileReference; fileEncoding = 4; lastKnownFileType = sourcecode.c.objc; path = FeedsController.m; sourceTree = SOURCE_ROOT; };
		7BBE018F13B9D716004FB699 /* WebUtility.h */ = {isa = PBXFileReference; fileEncoding = 4; lastKnownFileType = sourcecode.c.h; path = WebUtility.h; sourceTree = SOURCE_ROOT; };
		7BBE019013B9D717004FB699 /* WebUtility.m */ = {isa = PBXFileReference; fileEncoding = 4; lastKnownFileType = sourcecode.c.objc; path = WebUtility.m; sourceTree = SOURCE_ROOT; };
		7BC3B7E214A5E9F1004A9664 /* V3.xcdatamodel */ = {isa = PBXFileReference; lastKnownFileType = wrapper.xcdatamodel; path = V3.xcdatamodel; sourceTree = "<group>"; };
		7BD8595213DD1FF600374E49 /* EmptyViewController.h */ = {isa = PBXFileReference; fileEncoding = 4; lastKnownFileType = sourcecode.c.h; path = EmptyViewController.h; sourceTree = SOURCE_ROOT; };
		7BD8595313DD1FF600374E49 /* EmptyViewController.m */ = {isa = PBXFileReference; fileEncoding = 4; lastKnownFileType = sourcecode.c.objc; path = EmptyViewController.m; sourceTree = SOURCE_ROOT; };
		7BE128E514BEB32E0008A17D /* V8.xcdatamodel */ = {isa = PBXFileReference; lastKnownFileType = wrapper.xcdatamodel; path = V8.xcdatamodel; sourceTree = "<group>"; };
		7BE14EB713A0894900C9DDC6 /* AccountsController.h */ = {isa = PBXFileReference; fileEncoding = 4; lastKnownFileType = sourcecode.c.h; path = AccountsController.h; sourceTree = SOURCE_ROOT; };
		7BE14EB813A0894900C9DDC6 /* AccountsController.m */ = {isa = PBXFileReference; fileEncoding = 4; lastKnownFileType = sourcecode.c.objc; path = AccountsController.m; sourceTree = SOURCE_ROOT; };
		7BEB9A5C14BA6AFC0094764A /* ImageService.h */ = {isa = PBXFileReference; fileEncoding = 4; lastKnownFileType = sourcecode.c.h; path = ImageService.h; sourceTree = SOURCE_ROOT; };
		7BEB9A5D14BA6AFC0094764A /* ImageService.m */ = {isa = PBXFileReference; fileEncoding = 4; lastKnownFileType = sourcecode.c.objc; path = ImageService.m; sourceTree = SOURCE_ROOT; };
		7BF1B2D814A5B5D000CEDD7B /* V1.xcdatamodel */ = {isa = PBXFileReference; lastKnownFileType = wrapper.xcdatamodel; path = V1.xcdatamodel; sourceTree = "<group>"; };
		7BF1B2E214A5E16D00CEDD7B /* V2.xcdatamodel */ = {isa = PBXFileReference; lastKnownFileType = wrapper.xcdatamodel; path = V2.xcdatamodel; sourceTree = "<group>"; };
		7BF5731613E6905500B6B10B /* DetailViewController.h */ = {isa = PBXFileReference; fileEncoding = 4; lastKnownFileType = sourcecode.c.h; path = DetailViewController.h; sourceTree = SOURCE_ROOT; };
		7BF5731713E6905500B6B10B /* DetailViewController.m */ = {isa = PBXFileReference; fileEncoding = 4; lastKnownFileType = sourcecode.c.objc; path = DetailViewController.m; sourceTree = SOURCE_ROOT; };
		7BF8D91513AEC101006594BD /* StorageService.h */ = {isa = PBXFileReference; fileEncoding = 4; lastKnownFileType = sourcecode.c.h; path = StorageService.h; sourceTree = SOURCE_ROOT; };
		7BF8D91613AEC101006594BD /* StorageService.m */ = {isa = PBXFileReference; fileEncoding = 4; lastKnownFileType = sourcecode.c.objc; path = StorageService.m; sourceTree = SOURCE_ROOT; };
		7BF8D91C13AEC535006594BD /* AsyncDelegate.h */ = {isa = PBXFileReference; fileEncoding = 4; lastKnownFileType = sourcecode.c.h; path = AsyncDelegate.h; sourceTree = SOURCE_ROOT; };
		7BF8EDF914B98F5400D36E2D /* V7.xcdatamodel */ = {isa = PBXFileReference; lastKnownFileType = wrapper.xcdatamodel; path = V7.xcdatamodel; sourceTree = "<group>"; };
		7BFABC4F14C3B45B00CEF917 /* ImageDelegate.h */ = {isa = PBXFileReference; fileEncoding = 4; lastKnownFileType = sourcecode.c.h; path = ImageDelegate.h; sourceTree = SOURCE_ROOT; };
		7BFCDF8713E40E1100D24604 /* Facebook.png */ = {isa = PBXFileReference; lastKnownFileType = image.png; path = Facebook.png; sourceTree = "<group>"; };
		7BFCDF8813E40E1100D24604 /* Facebook@2x.png */ = {isa = PBXFileReference; lastKnownFileType = image.png; path = "Facebook@2x.png"; sourceTree = "<group>"; };
		7BFCDF8913E40E1100D24604 /* GoogleReader.png */ = {isa = PBXFileReference; lastKnownFileType = image.png; path = GoogleReader.png; sourceTree = "<group>"; };
		7BFCDF8A13E40E1100D24604 /* GoogleReader@2x.png */ = {isa = PBXFileReference; lastKnownFileType = image.png; path = "GoogleReader@2x.png"; sourceTree = "<group>"; };
		7BFCDF8B13E40E1100D24604 /* Twitter.png */ = {isa = PBXFileReference; lastKnownFileType = image.png; path = Twitter.png; sourceTree = "<group>"; };
		7BFCDF8C13E40E1100D24604 /* Twitter@2x.png */ = {isa = PBXFileReference; lastKnownFileType = image.png; path = "Twitter@2x.png"; sourceTree = "<group>"; };
		7BFD04FC17866B9E000516DB /* Media.xcassets */ = {isa = PBXFileReference; lastKnownFileType = folder.assetcatalog; path = Media.xcassets; sourceTree = "<group>"; };
/* End PBXFileReference section */

/* Begin PBXFrameworksBuildPhase section */
		7B834CAB139F33EA0080355C /* Frameworks */ = {
			isa = PBXFrameworksBuildPhase;
			buildActionMask = 2147483647;
			files = (
				7B71F20717854E8D005B5E30 /* Accounts.framework in Frameworks */,
				7B71F20517854D0E005B5E30 /* Social.framework in Frameworks */,
				7B88144914C902C800E5BE42 /* QuartzCore.framework in Frameworks */,
				7B4A36A214A33941005991F1 /* CoreData.framework in Frameworks */,
				7B56E48713AE185600B7E924 /* libsqlite3.0.dylib in Frameworks */,
				7B2C4B5C13A42C7200B3A5E7 /* MessageUI.framework in Frameworks */,
				7B834CB3139F33EA0080355C /* UIKit.framework in Frameworks */,
				7B834CB5139F33EA0080355C /* Foundation.framework in Frameworks */,
				7B834CB7139F33EA0080355C /* CoreGraphics.framework in Frameworks */,
			);
			runOnlyForDeploymentPostprocessing = 0;
		};
/* End PBXFrameworksBuildPhase section */

/* Begin PBXGroup section */
		7B15E14B13A067AF005C0DEB /* Images */ = {
			isa = PBXGroup;
			children = (
				7B1672FE14CB9E0C0080A3C6 /* Back.png */,
				7B1672FF14CB9E0C0080A3C6 /* Back@2x.png */,
				7B16730014CB9E0C0080A3C6 /* Forward.png */,
				7B16730114CB9E0C0080A3C6 /* Forward@2x.png */,
				7B15E15013A067AF005C0DEB /* Gear.png */,
				7B15E15113A067AF005C0DEB /* Gear@2x.png */,
				7B15E15413A067AF005C0DEB /* Lock.png */,
				7B15E15513A067AF005C0DEB /* Lock@2x.png */,
				7B15E15813A067AF005C0DEB /* Unlock.png */,
				7B15E15913A067AF005C0DEB /* Unlock@2x.png */,
				7B15E15A13A067AF005C0DEB /* Unread.png */,
				7B15E15B13A067AF005C0DEB /* Unread@2x.png */,
				7BFCDF8913E40E1100D24604 /* GoogleReader.png */,
				7BFCDF8A13E40E1100D24604 /* GoogleReader@2x.png */,
				7B99B10214C5C6090035F153 /* GooglePlus.png */,
				7B99B0FF14C5C5F70035F153 /* GooglePlus@2x.png */,
				7BFCDF8B13E40E1100D24604 /* Twitter.png */,
				7BFCDF8C13E40E1100D24604 /* Twitter@2x.png */,
				7BFCDF8713E40E1100D24604 /* Facebook.png */,
				7BFCDF8813E40E1100D24604 /* Facebook@2x.png */,
			);
			path = Images;
			sourceTree = SOURCE_ROOT;
		};
		7B834CA3139F33E90080355C = {
			isa = PBXGroup;
			children = (
				7B2EB7A114A6DFDB009FEA8F /* Syndicate.entitlements */,
				7BFD04FC17866B9E000516DB /* Media.xcassets */,
				7B834CBA139F33EA0080355C /* Info.plist */,
				7BF1B2D714A5B5D000CEDD7B /* Syndicate.xcdatamodeld */,
				7B834CB8139F33EA0080355C /* Source */,
				7B834CB1139F33EA0080355C /* Frameworks */,
				7B834CAF139F33EA0080355C /* Products */,
			);
			sourceTree = "<group>";
		};
		7B834CAF139F33EA0080355C /* Products */ = {
			isa = PBXGroup;
			children = (
				7B834CAE139F33EA0080355C /* Syndicate.app */,
			);
			name = Products;
			sourceTree = "<group>";
		};
		7B834CB1139F33EA0080355C /* Frameworks */ = {
			isa = PBXGroup;
			children = (
				7B71F20617854E8D005B5E30 /* Accounts.framework */,
				7B71F20417854D0E005B5E30 /* Social.framework */,
				7B834CC0139F33EA0080355C /* Syndicate.pch */,
				7B56E48613AE185600B7E924 /* libsqlite3.0.dylib */,
				7B88144814C902C700E5BE42 /* QuartzCore.framework */,
				7B4A36A114A33941005991F1 /* CoreData.framework */,
				7B834CB6139F33EA0080355C /* CoreGraphics.framework */,
				7B834CB4139F33EA0080355C /* Foundation.framework */,
				7B2C4B5B13A42C7200B3A5E7 /* MessageUI.framework */,
				7B834CB2139F33EA0080355C /* UIKit.framework */,
			);
			name = Frameworks;
			sourceTree = "<group>";
		};
		7B834CB8139F33EA0080355C /* Source */ = {
			isa = PBXGroup;
			children = (
				7B15E14B13A067AF005C0DEB /* Images */,
				7B834CBB139F33EA0080355C /* Localizable.strings */,
				7B7B26F6149D844F007D7603 /* main.m */,
				7B7B26F8149D87E7007D7603 /* ServiceProvider.h */,
				7B89CE6F139F383600008DE5 /* Application.h */,
				7B89CE70139F383600008DE5 /* Application.m */,
				7BF8D91513AEC101006594BD /* StorageService.h */,
				7BF8D91613AEC101006594BD /* StorageService.m */,
				7B6B2A6C13A5FB1600FA51D0 /* AccountService.h */,
				7B6B2A6D13A5FB1600FA51D0 /* AccountService.m */,
				7B6B2A6913A5F3E400FA51D0 /* AccountTypeService.h */,
				7B6B2A6A13A5F3E400FA51D0 /* AccountTypeService.m */,
				7BEB9A5C14BA6AFC0094764A /* ImageService.h */,
				7BEB9A5D14BA6AFC0094764A /* ImageService.m */,
				7BFABC4F14C3B45B00CEF917 /* ImageDelegate.h */,
				7B68465D13B594A60038F2C6 /* SyncService.h */,
				7B68465E13B594A60038F2C6 /* SyncService.m */,
				7BE14EB713A0894900C9DDC6 /* AccountsController.h */,
				7BE14EB813A0894900C9DDC6 /* AccountsController.m */,
				7B06921413AF38F9007D4618 /* Async.h */,
				7BF8D91C13AEC535006594BD /* AsyncDelegate.h */,
				7B2A3FDB13A3822800857D65 /* Orientation.h */,
				7BB4E2B813A0322B00C5C645 /* OrientationController.h */,
				7BB4E2B913A0322B00C5C645 /* OrientationController.m */,
				7BB4E2BB13A0324E00C5C645 /* FeedsController.h */,
				7BB4E2BC13A0324E00C5C645 /* FeedsController.m */,
				7B2F729613A6424E00341EF3 /* FeedCell.h */,
				7B2F729713A6424E00341EF3 /* FeedCell.m */,
				7B56E48313AE15B000B7E924 /* FeedController.h */,
				7B56E48413AE15B000B7E924 /* FeedController.m */,
				7B9A34FA13B897A300014D95 /* FeedItemCell.h */,
				7B9A34FB13B897A300014D95 /* FeedItemCell.m */,
				7B9A34FE13B899BA00014D95 /* RichTextLabel.h */,
				7B9A34FF13B899BB00014D95 /* RichTextLabel.m */,
				7B10FA9514BED182001A861D /* RichText.h */,
				7B10FA9614BED182001A861D /* RichText.m */,
				7B2C4B5113A422CC00B3A5E7 /* WebViewController.h */,
				7B2C4B5213A422CC00B3A5E7 /* WebViewController.m */,
				7BF5731613E6905500B6B10B /* DetailViewController.h */,
				7BF5731713E6905500B6B10B /* DetailViewController.m */,
				7BD8595213DD1FF600374E49 /* EmptyViewController.h */,
				7BD8595313DD1FF600374E49 /* EmptyViewController.m */,
				7B2C4B5813A42A9700B3A5E7 /* Account.h */,
				7B2C4B5913A42A9700B3A5E7 /* Account.m */,
				7B6B2A6613A5F12700FA51D0 /* GoogleReader.h */,
				7B6B2A6713A5F12700FA51D0 /* GoogleReader.m */,
				7B61A1EE13C44D8000D26D8B /* GoogleReaderSync.h */,
				7B61A1EF13C44D8000D26D8B /* GoogleReaderSync.m */,
				7BACF09714ADAEB800F263AB /* GoogleReaderAuthController.h */,
				7BACF09814ADAEB800F263AB /* GoogleReaderAuthController.m */,
				7B6B2A6313A5F0F400FA51D0 /* Twitter.h */,
				7B6B2A6413A5F0F400FA51D0 /* Twitter.m */,
				7B68465913B5911E0038F2C6 /* TwitterSync.h */,
				7B68465A13B5911E0038F2C6 /* TwitterSync.m */,
				7B2D0B8E14AEDF6A0073F800 /* TwitterAuthController.h */,
				7B2D0B8F14AEDF6B0073F800 /* TwitterAuthController.m */,
				7B5EB72213CC3A6600B508B9 /* Facebook.h */,
				7B5EB72313CC3A6600B508B9 /* Facebook.m */,
				7B8FFF1113CDBB2F00D3E656 /* FacebookSync.h */,
				7B8FFF1213CDBB3000D3E656 /* FacebookSync.m */,
				7B895C6F13D1697500CD95C9 /* FacebookAuthController.h */,
				7B895C7013D1697500CD95C9 /* FacebookAuthController.m */,
				7B99B10414C5C61D0035F153 /* GooglePlus.h */,
				7B99B10514C5C61D0035F153 /* GooglePlus.m */,
				7B99B10714C5C7460035F153 /* GooglePlusSync.h */,
				7B99B10814C5C7470035F153 /* GooglePlusSync.m */,
				7B64E24213B48BDF002668AE /* NSString.h */,
				7B64E24313B48BDF002668AE /* NSString.m */,
				7B27633113DD336F00E03E7F /* UIImage.h */,
				7B27633213DD336F00E03E7F /* UIImage.m */,
				7BBE018F13B9D716004FB699 /* WebUtility.h */,
				7BBE019013B9D717004FB699 /* WebUtility.m */,
			);
			name = Source;
			path = .;
			sourceTree = "<group>";
		};
/* End PBXGroup section */

/* Begin PBXNativeTarget section */
		7B834CAD139F33EA0080355C /* Syndicate */ = {
			isa = PBXNativeTarget;
			buildConfigurationList = 7B834CCF139F33EA0080355C /* Build configuration list for PBXNativeTarget "Syndicate" */;
			buildPhases = (
				7B834CAA139F33EA0080355C /* Sources */,
				7B834CAB139F33EA0080355C /* Frameworks */,
				7B834CAC139F33EA0080355C /* Resources */,
			);
			buildRules = (
			);
			dependencies = (
			);
			name = Syndicate;
			productName = Syndicate;
			productReference = 7B834CAE139F33EA0080355C /* Syndicate.app */;
			productType = "com.apple.product-type.application";
		};
/* End PBXNativeTarget section */

/* Begin PBXProject section */
		7B834CA5139F33E90080355C /* Project object */ = {
			isa = PBXProject;
			attributes = {
				LastUpgradeCheck = 0500;
			};
			buildConfigurationList = 7B834CA8139F33E90080355C /* Build configuration list for PBXProject "Syndicate" */;
			compatibilityVersion = "Xcode 3.2";
			developmentRegion = English;
			hasScannedForEncodings = 0;
			knownRegions = (
				en,
				de,
			);
			mainGroup = 7B834CA3139F33E90080355C;
			productRefGroup = 7B834CAF139F33EA0080355C /* Products */;
			projectDirPath = "";
			projectRoot = "";
			targets = (
				7B834CAD139F33EA0080355C /* Syndicate */,
			);
		};
/* End PBXProject section */

/* Begin PBXResourcesBuildPhase section */
		7B834CAC139F33EA0080355C /* Resources */ = {
			isa = PBXResourcesBuildPhase;
			buildActionMask = 2147483647;
			files = (
				7B834CBD139F33EA0080355C /* Localizable.strings in Resources */,
				7B15E16013A067AF005C0DEB /* Gear.png in Resources */,
				7B15E16113A067AF005C0DEB /* Gear@2x.png in Resources */,
				7B15E16413A067AF005C0DEB /* Lock.png in Resources */,
				7B15E16513A067AF005C0DEB /* Lock@2x.png in Resources */,
				7B15E16813A067AF005C0DEB /* Unlock.png in Resources */,
				7B15E16913A067AF005C0DEB /* Unlock@2x.png in Resources */,
				7B15E16A13A067AF005C0DEB /* Unread.png in Resources */,
				7B15E16B13A067AF005C0DEB /* Unread@2x.png in Resources */,
				7BFCDF8D13E40E1100D24604 /* Facebook.png in Resources */,
				7BFCDF8E13E40E1100D24604 /* Facebook@2x.png in Resources */,
				7BFCDF8F13E40E1100D24604 /* GoogleReader.png in Resources */,
				7BFCDF9013E40E1100D24604 /* GoogleReader@2x.png in Resources */,
				7BFD04FD17866B9E000516DB /* Media.xcassets in Resources */,
				7BFCDF9113E40E1100D24604 /* Twitter.png in Resources */,
				7BFCDF9213E40E1100D24604 /* Twitter@2x.png in Resources */,
				7B99B10014C5C5F70035F153 /* GooglePlus@2x.png in Resources */,
				7B99B10314C5C6090035F153 /* GooglePlus.png in Resources */,
				7B16730214CB9E0C0080A3C6 /* Back.png in Resources */,
				7B16730314CB9E0C0080A3C6 /* Back@2x.png in Resources */,
				7B16730414CB9E0C0080A3C6 /* Forward.png in Resources */,
				7B16730514CB9E0C0080A3C6 /* Forward@2x.png in Resources */,
			);
			runOnlyForDeploymentPostprocessing = 0;
		};
/* End PBXResourcesBuildPhase section */

/* Begin PBXSourcesBuildPhase section */
		7B834CAA139F33EA0080355C /* Sources */ = {
			isa = PBXSourcesBuildPhase;
			buildActionMask = 2147483647;
			files = (
				7B89CE71139F383600008DE5 /* Application.m in Sources */,
				7BB4E2BA13A0322B00C5C645 /* OrientationController.m in Sources */,
				7BB4E2BD13A0324E00C5C645 /* FeedsController.m in Sources */,
				7BE14EB913A0894900C9DDC6 /* AccountsController.m in Sources */,
				7B2C4B5313A422CC00B3A5E7 /* WebViewController.m in Sources */,
				7B2C4B5A13A42A9800B3A5E7 /* Account.m in Sources */,
				7B6B2A6513A5F0F400FA51D0 /* Twitter.m in Sources */,
				7B6B2A6813A5F12700FA51D0 /* GoogleReader.m in Sources */,
				7B6B2A6B13A5F3E400FA51D0 /* AccountTypeService.m in Sources */,
				7B6B2A6E13A5FB1700FA51D0 /* AccountService.m in Sources */,
				7B2F729813A6424E00341EF3 /* FeedCell.m in Sources */,
				7B56E48513AE15B000B7E924 /* FeedController.m in Sources */,
				7BF8D91713AEC101006594BD /* StorageService.m in Sources */,
				7B64E24413B48BDF002668AE /* NSString.m in Sources */,
				7B68465B13B5911E0038F2C6 /* TwitterSync.m in Sources */,
				7B68465F13B594A60038F2C6 /* SyncService.m in Sources */,
				7B9A34FC13B897A300014D95 /* FeedItemCell.m in Sources */,
				7B9A350013B899BB00014D95 /* RichTextLabel.m in Sources */,
				7BBE019113B9D717004FB699 /* WebUtility.m in Sources */,
				7B61A1F013C44D8000D26D8B /* GoogleReaderSync.m in Sources */,
				7B5EB72413CC3A6600B508B9 /* Facebook.m in Sources */,
				7B8FFF1313CDBB3000D3E656 /* FacebookSync.m in Sources */,
				7B895C7113D1697500CD95C9 /* FacebookAuthController.m in Sources */,
				7BD8595413DD1FF600374E49 /* EmptyViewController.m in Sources */,
				7B27633313DD336F00E03E7F /* UIImage.m in Sources */,
				7BF5731813E6905500B6B10B /* DetailViewController.m in Sources */,
				7B7B26F7149D844F007D7603 /* main.m in Sources */,
				7BF1B2D914A5B5D000CEDD7B /* Syndicate.xcdatamodeld in Sources */,
				7BACF09914ADAEB900F263AB /* GoogleReaderAuthController.m in Sources */,
				7B2D0B9014AEDF6B0073F800 /* TwitterAuthController.m in Sources */,
				7BEB9A5E14BA6AFC0094764A /* ImageService.m in Sources */,
				7B10FA9714BED182001A861D /* RichText.m in Sources */,
				7B99B10614C5C61D0035F153 /* GooglePlus.m in Sources */,
				7B99B10914C5C7470035F153 /* GooglePlusSync.m in Sources */,
			);
			runOnlyForDeploymentPostprocessing = 0;
		};
/* End PBXSourcesBuildPhase section */

/* Begin PBXVariantGroup section */
		7B834CBB139F33EA0080355C /* Localizable.strings */ = {
			isa = PBXVariantGroup;
			children = (
				7B834CBC139F33EA0080355C /* en */,
			);
			name = Localizable.strings;
			sourceTree = "<group>";
		};
/* End PBXVariantGroup section */

/* Begin XCBuildConfiguration section */
		7B3BEB5D14C68846007C3B3D /* App Store */ = {
			isa = XCBuildConfiguration;
			buildSettings = {
				ALWAYS_SEARCH_USER_PATHS = NO;
				"CODE_SIGN_IDENTITY[sdk=iphoneos*]" = "iPhone Distribution: Lutz Roeder";
				COPY_PHASE_STRIP = YES;
				GCC_C_LANGUAGE_STANDARD = gnu99;
				GCC_THUMB_SUPPORT = NO;
				GCC_VERSION = com.apple.compilers.llvmgcc42;
				GCC_WARN_ABOUT_MISSING_PROTOTYPES = YES;
				GCC_WARN_ABOUT_RETURN_TYPE = YES;
				GCC_WARN_UNUSED_VARIABLE = YES;
				IPHONEOS_DEPLOYMENT_TARGET = 6.0;
				OTHER_CFLAGS = "-DNS_BLOCK_ASSERTIONS=1";
				"PROVISIONING_PROFILE[sdk=iphoneos*]" = "0B6930B1-8399-45A4-9FF0-22B102A0BED1";
				SDKROOT = iphoneos;
				SYMROOT = ../Build;
				VALIDATE_PRODUCT = YES;
			};
			name = "App Store";
		};
		7B3BEB5E14C68846007C3B3D /* App Store */ = {
			isa = XCBuildConfiguration;
			buildSettings = {
				ASSETCATALOG_COMPILER_APPICON_NAME = AppIcon;
				ASSETCATALOG_COMPILER_LAUNCHIMAGE_NAME = LaunchImage;
				CODE_SIGN_ENTITLEMENTS = Syndicate.entitlements;
				GCC_PRECOMPILE_PREFIX_HEADER = YES;
				GCC_PREFIX_HEADER = Syndicate.pch;
				GCC_THUMB_SUPPORT = NO;
				GCC_VERSION = com.apple.compilers.llvm.clang.1_0;
				INFOPLIST_FILE = Info.plist;
				IPHONEOS_DEPLOYMENT_TARGET = 7.0;
				PRODUCT_NAME = "$(TARGET_NAME)";
				TARGETED_DEVICE_FAMILY = "1,2";
				WRAPPER_EXTENSION = app;
			};
			name = "App Store";
		};
		7B3BEB5F14C6884C007C3B3D /* Ad Hoc */ = {
			isa = XCBuildConfiguration;
			buildSettings = {
				ALWAYS_SEARCH_USER_PATHS = NO;
				"CODE_SIGN_IDENTITY[sdk=iphoneos*]" = "iPhone Distribution: Lutz Roeder";
				COPY_PHASE_STRIP = YES;
				GCC_C_LANGUAGE_STANDARD = gnu99;
				GCC_THUMB_SUPPORT = NO;
				GCC_VERSION = com.apple.compilers.llvmgcc42;
				GCC_WARN_ABOUT_MISSING_PROTOTYPES = YES;
				GCC_WARN_ABOUT_RETURN_TYPE = YES;
				GCC_WARN_UNUSED_VARIABLE = YES;
				IPHONEOS_DEPLOYMENT_TARGET = 6.0;
				OTHER_CFLAGS = "-DNS_BLOCK_ASSERTIONS=1";
				"PROVISIONING_PROFILE[sdk=iphoneos*]" = "A82EADA5-DED8-411E-A395-570968A94DB7";
				SDKROOT = iphoneos;
				SYMROOT = ../Build;
				VALIDATE_PRODUCT = YES;
			};
			name = "Ad Hoc";
		};
		7B3BEB6014C6884C007C3B3D /* Ad Hoc */ = {
			isa = XCBuildConfiguration;
			buildSettings = {
				ASSETCATALOG_COMPILER_APPICON_NAME = AppIcon;
				ASSETCATALOG_COMPILER_LAUNCHIMAGE_NAME = LaunchImage;
				CODE_SIGN_ENTITLEMENTS = Syndicate.entitlements;
				GCC_PRECOMPILE_PREFIX_HEADER = YES;
				GCC_PREFIX_HEADER = Syndicate.pch;
				GCC_THUMB_SUPPORT = NO;
				GCC_VERSION = com.apple.compilers.llvm.clang.1_0;
				INFOPLIST_FILE = Info.plist;
				IPHONEOS_DEPLOYMENT_TARGET = 7.0;
				PRODUCT_NAME = "$(TARGET_NAME)";
				TARGETED_DEVICE_FAMILY = "1,2";
				WRAPPER_EXTENSION = app;
			};
			name = "Ad Hoc";
		};
		7B834CCD139F33EA0080355C /* Debug */ = {
			isa = XCBuildConfiguration;
			buildSettings = {
				ALWAYS_SEARCH_USER_PATHS = NO;
				CODE_SIGN_IDENTITY = "";
				"CODE_SIGN_IDENTITY[sdk=iphoneos*]" = "iPhone Developer: Lutz Roeder (V5HR2PPS4V)";
				COPY_PHASE_STRIP = NO;
				GCC_C_LANGUAGE_STANDARD = gnu99;
				GCC_DYNAMIC_NO_PIC = NO;
				GCC_OPTIMIZATION_LEVEL = 0;
				GCC_PREPROCESSOR_DEFINITIONS = (
					"DEBUG=1",
					"$(inherited)",
				);
				GCC_SYMBOLS_PRIVATE_EXTERN = NO;
				GCC_THUMB_SUPPORT = NO;
				GCC_VERSION = com.apple.compilers.llvmgcc42;
				GCC_WARN_ABOUT_MISSING_PROTOTYPES = YES;
				GCC_WARN_ABOUT_RETURN_TYPE = YES;
				GCC_WARN_UNUSED_VARIABLE = YES;
				IPHONEOS_DEPLOYMENT_TARGET = 6.0;
				ONLY_ACTIVE_ARCH = YES;
				"PROVISIONING_PROFILE[sdk=iphoneos*]" = "AE769711-84B8-4350-A2F8-82B1A7BEEFD6";
				SDKROOT = iphoneos;
				SYMROOT = ../Build;
			};
			name = Debug;
		};
		7B834CCE139F33EA0080355C /* Release */ = {
			isa = XCBuildConfiguration;
			buildSettings = {
				ALWAYS_SEARCH_USER_PATHS = NO;
				"CODE_SIGN_IDENTITY[sdk=iphoneos*]" = "iPhone Developer: Lutz Roeder (V5HR2PPS4V)";
				COPY_PHASE_STRIP = YES;
				GCC_C_LANGUAGE_STANDARD = gnu99;
				GCC_THUMB_SUPPORT = NO;
				GCC_VERSION = com.apple.compilers.llvmgcc42;
				GCC_WARN_ABOUT_MISSING_PROTOTYPES = YES;
				GCC_WARN_ABOUT_RETURN_TYPE = YES;
				GCC_WARN_UNUSED_VARIABLE = YES;
				IPHONEOS_DEPLOYMENT_TARGET = 6.0;
				OTHER_CFLAGS = "-DNS_BLOCK_ASSERTIONS=1";
				"PROVISIONING_PROFILE[sdk=iphoneos*]" = "AE769711-84B8-4350-A2F8-82B1A7BEEFD6";
				SDKROOT = iphoneos;
				SYMROOT = ../Build;
				VALIDATE_PRODUCT = YES;
			};
			name = Release;
		};
		7B834CD0139F33EA0080355C /* Debug */ = {
			isa = XCBuildConfiguration;
			buildSettings = {
				ASSETCATALOG_COMPILER_APPICON_NAME = AppIcon;
				ASSETCATALOG_COMPILER_LAUNCHIMAGE_NAME = LaunchImage;
				CODE_SIGN_ENTITLEMENTS = Syndicate.entitlements;
				GCC_PRECOMPILE_PREFIX_HEADER = YES;
				GCC_PREFIX_HEADER = Syndicate.pch;
				GCC_THUMB_SUPPORT = NO;
				GCC_VERSION = com.apple.compilers.llvm.clang.1_0;
				INFOPLIST_FILE = Info.plist;
				IPHONEOS_DEPLOYMENT_TARGET = 7.0;
				PRODUCT_NAME = "$(TARGET_NAME)";
				TARGETED_DEVICE_FAMILY = "1,2";
				WRAPPER_EXTENSION = app;
			};
			name = Debug;
		};
		7B834CD1139F33EA0080355C /* Release */ = {
			isa = XCBuildConfiguration;
			buildSettings = {
				ASSETCATALOG_COMPILER_APPICON_NAME = AppIcon;
				ASSETCATALOG_COMPILER_LAUNCHIMAGE_NAME = LaunchImage;
				CODE_SIGN_ENTITLEMENTS = Syndicate.entitlements;
				GCC_PRECOMPILE_PREFIX_HEADER = YES;
				GCC_PREFIX_HEADER = Syndicate.pch;
				GCC_THUMB_SUPPORT = NO;
				GCC_VERSION = com.apple.compilers.llvm.clang.1_0;
				INFOPLIST_FILE = Info.plist;
				IPHONEOS_DEPLOYMENT_TARGET = 7.0;
				PRODUCT_NAME = "$(TARGET_NAME)";
				TARGETED_DEVICE_FAMILY = "1,2";
				WRAPPER_EXTENSION = app;
			};
			name = Release;
		};
/* End XCBuildConfiguration section */

/* Begin XCConfigurationList section */
		7B834CA8139F33E90080355C /* Build configuration list for PBXProject "Syndicate" */ = {
			isa = XCConfigurationList;
			buildConfigurations = (
				7B834CCD139F33EA0080355C /* Debug */,
				7B834CCE139F33EA0080355C /* Release */,
				7B3BEB5D14C68846007C3B3D /* App Store */,
				7B3BEB5F14C6884C007C3B3D /* Ad Hoc */,
			);
			defaultConfigurationIsVisible = 0;
			defaultConfigurationName = Release;
		};
		7B834CCF139F33EA0080355C /* Build configuration list for PBXNativeTarget "Syndicate" */ = {
			isa = XCConfigurationList;
			buildConfigurations = (
				7B834CD0139F33EA0080355C /* Debug */,
				7B834CD1139F33EA0080355C /* Release */,
				7B3BEB5E14C68846007C3B3D /* App Store */,
				7B3BEB6014C6884C007C3B3D /* Ad Hoc */,
			);
			defaultConfigurationIsVisible = 0;
			defaultConfigurationName = Release;
		};
/* End XCConfigurationList section */

/* Begin XCVersionGroup section */
		7BF1B2D714A5B5D000CEDD7B /* Syndicate.xcdatamodeld */ = {
			isa = XCVersionGroup;
			children = (
				7BF8EDF914B98F5400D36E2D /* V7.xcdatamodel */,
				7BE128E514BEB32E0008A17D /* V8.xcdatamodel */,
				7B8BE0FA14B5DD1F009F0AD2 /* V6.xcdatamodel */,
				7BC3B7E214A5E9F1004A9664 /* V3.xcdatamodel */,
				7B918CF414B0ABAC00EE4C73 /* V4.xcdatamodel */,
				7B04F40D14B175BC002181BA /* V5.xcdatamodel */,
				7BF1B2E214A5E16D00CEDD7B /* V2.xcdatamodel */,
				7BF1B2D814A5B5D000CEDD7B /* V1.xcdatamodel */,
			);
			currentVersion = 7BE128E514BEB32E0008A17D /* V8.xcdatamodel */;
			path = Syndicate.xcdatamodeld;
			sourceTree = "<group>";
			versionGroupType = wrapper.xcdatamodel;
		};
/* End XCVersionGroup section */
	};
	rootObject = 7B834CA5139F33E90080355C /* Project object */;
}
